version = 1
revision = 3
requires-python = "==3.11.*"
resolution-markers = [
    "sys_platform == 'darwin'",
    "platform_machine == 'aarch64' and sys_platform == 'linux'",
    "(platform_machine != 'aarch64' and sys_platform == 'linux') or (sys_platform != 'darwin' and sys_platform != 'linux')",
]

[[package]]
name = "numpy"
version = "2.2.6"
source = { registry = "https://mirrors.aliyun.com/pypi/simple/" }
sdist = { url = "https://mirrors.aliyun.com/pypi/packages/76/21/7d2a95e4bba9dc13d043ee156a356c0a8f0c6309dff6b21b4d71a073b8a8/numpy-2.2.6.tar.gz", hash = "sha256:e29554e2bef54a90aa5cc07da6ce955accb83f21ab5de01a62c8478897b264fd" }
wheels = [
    { url = "https://mirrors.aliyun.com/pypi/packages/da/a8/4f83e2aa666a9fbf56d6118faaaf5f1974d456b1823fda0a176eff722839/numpy-2.2.6-cp311-cp311-macosx_10_9_x86_64.whl", hash = "sha256:f9f1adb22318e121c5c69a09142811a201ef17ab257a1e66ca3025065b7f53ae" },
    { url = "https://mirrors.aliyun.com/pypi/packages/b3/2b/64e1affc7972decb74c9e29e5649fac940514910960ba25cd9af4488b66c/numpy-2.2.6-cp311-cp311-macosx_11_0_arm64.whl", hash = "sha256:c820a93b0255bc360f53eca31a0e676fd1101f673dda8da93454a12e23fc5f7a" },
    { url = "https://mirrors.aliyun.com/pypi/packages/4a/9f/0121e375000b5e50ffdd8b25bf78d8e1a5aa4cca3f185d41265198c7b834/numpy-2.2.6-cp311-cp311-macosx_14_0_arm64.whl", hash = "sha256:3d70692235e759f260c3d837193090014aebdf026dfd167834bcba43e30c2a42" },
    { url = "https://mirrors.aliyun.com/pypi/packages/31/0d/b48c405c91693635fbe2dcd7bc84a33a602add5f63286e024d3b6741411c/numpy-2.2.6-cp311-cp311-macosx_14_0_x86_64.whl", hash = "sha256:481b49095335f8eed42e39e8041327c05b0f6f4780488f61286ed3c01368d491" },
    { url = "https://mirrors.aliyun.com/pypi/packages/52/b8/7f0554d49b565d0171eab6e99001846882000883998e7b7d9f0d98b1f934/numpy-2.2.6-cp311-cp311-manylinux_2_17_aarch64.manylinux2014_aarch64.whl", hash = "sha256:b64d8d4d17135e00c8e346e0a738deb17e754230d7e0810ac5012750bbd85a5a" },
    { url = "https://mirrors.aliyun.com/pypi/packages/b3/dd/2238b898e51bd6d389b7389ffb20d7f4c10066d80351187ec8e303a5a475/numpy-2.2.6-cp311-cp311-manylinux_2_17_x86_64.manylinux2014_x86_64.whl", hash = "sha256:ba10f8411898fc418a521833e014a77d3ca01c15b0c6cdcce6a0d2897e6dbbdf" },
    { url = "https://mirrors.aliyun.com/pypi/packages/83/6c/44d0325722cf644f191042bf47eedad61c1e6df2432ed65cbe28509d404e/numpy-2.2.6-cp311-cp311-musllinux_1_2_aarch64.whl", hash = "sha256:bd48227a919f1bafbdda0583705e547892342c26fb127219d60a5c36882609d1" },
    { url = "https://mirrors.aliyun.com/pypi/packages/ae/9d/81e8216030ce66be25279098789b665d49ff19eef08bfa8cb96d4957f422/numpy-2.2.6-cp311-cp311-musllinux_1_2_x86_64.whl", hash = "sha256:9551a499bf125c1d4f9e250377c1ee2eddd02e01eac6644c080162c0c51778ab" },
    { url = "https://mirrors.aliyun.com/pypi/packages/6a/fd/e19617b9530b031db51b0926eed5345ce8ddc669bb3bc0044b23e275ebe8/numpy-2.2.6-cp311-cp311-win32.whl", hash = "sha256:0678000bb9ac1475cd454c6b8c799206af8107e310843532b04d49649c717a47" },
    { url = "https://mirrors.aliyun.com/pypi/packages/31/0a/f354fb7176b81747d870f7991dc763e157a934c717b67b58456bc63da3df/numpy-2.2.6-cp311-cp311-win_amd64.whl", hash = "sha256:e8213002e427c69c45a52bbd94163084025f533a55a59d6f9c5b820774ef3303" },
]

[[package]]
name = "opencv-python-headless"
version = "4.10.0.84"
source = { registry = "https://mirrors.aliyun.com/pypi/simple/" }
dependencies = [
    { name = "numpy" },
]
sdist = { url = "https://mirrors.aliyun.com/pypi/packages/2f/7e/d20f68a5f1487adf19d74378d349932a386b1ece3be9be9915e5986db468/opencv-python-headless-4.10.0.84.tar.gz", hash = "sha256:f2017c6101d7c2ef8d7bc3b414c37ff7f54d64413a1847d89970b6b7069b4e1a" }
wheels = [
    { url = "https://mirrors.aliyun.com/pypi/packages/1c/9b/583c8d9259f6fc19413f83fd18dd8e6cbc8eefb0b4dc6da52dd151fe3272/opencv_python_headless-4.10.0.84-cp37-abi3-macosx_11_0_arm64.whl", hash = "sha256:a4f4bcb07d8f8a7704d9c8564c224c8b064c63f430e95b61ac0bffaa374d330e" },
    { url = "https://mirrors.aliyun.com/pypi/packages/c0/7b/b4c67f5dad7a9a61c47f7a39e4050e8a4628bd64b3c3daaeb755d759f928/opencv_python_headless-4.10.0.84-cp37-abi3-macosx_12_0_x86_64.whl", hash = "sha256:5ae454ebac0eb0a0b932e3406370aaf4212e6a3fdb5038cc86c7aea15a6851da" },
    { url = "https://mirrors.aliyun.com/pypi/packages/91/61/f838ce2046f3ec3591ea59ea3549085e399525d3b4558c4ed60b55ed88c0/opencv_python_headless-4.10.0.84-cp37-abi3-manylinux_2_17_aarch64.manylinux2014_aarch64.whl", hash = "sha256:46071015ff9ab40fccd8a163da0ee14ce9846349f06c6c8c0f2870856ffa45db" },
    { url = "https://mirrors.aliyun.com/pypi/packages/d1/09/248f86a404567303cdf120e4a301f389b68e3b18e5c0cc428de327da609c/opencv_python_headless-4.10.0.84-cp37-abi3-manylinux_2_17_x86_64.manylinux2014_x86_64.whl", hash = "sha256:377d08a7e48a1405b5e84afcbe4798464ce7ee17081c1c23619c8b398ff18295" },
    { url = "https://mirrors.aliyun.com/pypi/packages/30/c0/66f88d58500e990a9a0a5c06f98862edf1d0a3a430781218a8c193948438/opencv_python_headless-4.10.0.84-cp37-abi3-win32.whl", hash = "sha256:9092404b65458ed87ce932f613ffbb1106ed2c843577501e5768912360fc50ec" },
    { url = "https://mirrors.aliyun.com/pypi/packages/26/d0/22f68eb23eea053a31655960f133c0be9726c6a881547e6e9e7e2a946c4f/opencv_python_headless-4.10.0.84-cp37-abi3-win_amd64.whl", hash = "sha256:afcf28bd1209dd58810d33defb622b325d3cbe49dcd7a43a902982c33e5fad05" },
]

[[package]]
name = "packaging"
version = "26.3"
source = { registry = "https://mirrors.aliyun.com/pypi/simple/" }
sdist = { url = "https://mirrors.aliyun.com/pypi/packages/7d/fa/3944b40b07da9ce895c0e6303a5ab7d53da063554f534556b134a54d6093/packaging-26.3.tar.gz", hash = "sha256:94edc256424af38762eb31306eed28beb9f0efc50a8837492c9d6fd6004aed79" }
wheels = [
    { url = "https://mirrors.aliyun.com/pypi/packages/63/34/ba1c580383c9eada3711951fef0795c80b829a078d72188184bcab9dd527/packaging-26.3-py3-none-any.whl", hash = "sha256:d7193f7c8e4e93f444fde0262bf90af30e16fa0ad0ad44cb553c87339b23cd1c" },
]

[[package]]
name = "pillow"
version = "12.3.0"
source = { registry = "https://mirrors.aliyun.com/pypi/simple/" }
sdist = { url = "https://mirrors.aliyun.com/pypi/packages/1c/3d/bb7fca845737cf9d7dbde16ed1843984665ff2e0a518f5db43e77ec540b9/pillow-12.3.0.tar.gz", hash = "sha256:3b8182a766685eaa002637e28b4ec8d6b18819a0c71f579bf0dbaa5830297cce" }
wheels = [
    { url = "https://mirrors.aliyun.com/pypi/packages/fb/c8/0a78b0e02d7ac54bc03e5321c9220da52f0c2ea83b21f7c40e7f3169c502/pillow-12.3.0-cp311-cp311-macosx_10_10_x86_64.whl", hash = "sha256:00808c5e14ef63ac5161091d242999076604ff74b883423a11e5d7bbb38bf756" },
    { url = "https://mirrors.aliyun.com/pypi/packages/b2/5b/a02d30018abd97ced9f5a6c63d28597694a00d066516b9c1c6de45859fc9/pillow-12.3.0-cp311-cp311-macosx_11_0_arm64.whl", hash = "sha256:37d6d0a00072fd2948eb22bce7e1475f34569d90c87c59f7a2ec59541b77f7a6" },
    { url = "https://mirrors.aliyun.com/pypi/packages/c8/98/766667a4be768150a202836acd9fad19c06824ca86c4286d3cf6b274964e/pillow-12.3.0-cp311-cp311-manylinux_2_27_aarch64.manylinux_2_28_aarch64.whl", hash = "sha256:bcb46e2f9feff8d06323983bd83ed00c201fdcab3d74973e7072a889b3979fcd" },
    { url = "https://mirrors.aliyun.com/pypi/packages/3b/2d/ede717bc1144f63886c21fd349bb95860b0d1a21149ff16f2bb362b612b6/pillow-12.3.0-cp311-cp311-manylinux_2_27_x86_64.manylinux_2_28_x86_64.whl", hash = "sha256:23d27a3e0307ec2244cc51e7287b919aa68d097504ebe19df4e76a98a3eea5bd" },
    { url = "https://mirrors.aliyun.com/pypi/packages/a3/48/9c58b685e69d49c31af6c8eb9012055fab7e665785165c84796e2c73ce72/pillow-12.3.0-cp311-cp311-musllinux_1_2_aarch64.whl", hash = "sha256:4f883547d4b7f0495ebe7056b0cc2aea76094e7a4abc8e933540f3271df27d9c" },
    { url = "https://mirrors.aliyun.com/pypi/packages/ff/fa/dc2a5c0ba6df93f67c31d34b808b7ce440b40cdbf96f0b81cde1d1e6fa93/pillow-12.3.0-cp311-cp311-musllinux_1_2_x86_64.whl", hash = "sha256:236ff70b9312fb68943c703aa842ca6a758abfa45ac187a5e7c1452e96ef72b5" },
    { url = "https://mirrors.aliyun.com/pypi/packages/86/a5/444817a4d4c4c2417df00513086ca196f388d8f9ef40c2e4ccd1ad1af54b/pillow-12.3.0-cp311-cp311-win32.whl", hash = "sha256:10e41f0fbf1eec8cfd234b8fe17a4caac7c9d0db4c204d3c173a8f9f6ef3232b" },
    { url = "https://mirrors.aliyun.com/pypi/packages/63/c6/4bad1b18d132a50b27e1365e1ab163616f7a5bb56d330f66f9d1d9d4f9d4/pillow-12.3.0-cp311-cp311-win_amd64.whl", hash = "sha256:8e95e1385e4998ae9694eeaa4730ba5457ff61185b3a55e2e7bea0880aef452a" },
    { url = "https://mirrors.aliyun.com/pypi/packages/fd/16/00f91ab7760dc842f5aad55217e80fc4a7067a0604535249bc8a2d6d9870/pillow-12.3.0-cp311-cp311-win_arm64.whl", hash = "sha256:ebaea975e03d3141d9d3a507df75c9b3ec90fa9d2ffd07567b3a978d9d790b26" },
    { url = "https://mirrors.aliyun.com/pypi/packages/75/18/2e8b40223153ccbc60df07f9e8928dc0c76202aa4e55ae9f53962b6510d6/pillow-12.3.0-pp311-pypy311_pp73-macosx_10_15_x86_64.whl", hash = "sha256:b3c777e849237620b022f7f297dd67705f9f5cf1685f09f02e46f93e92725468" },
    { url = "https://mirrors.aliyun.com/pypi/packages/46/3e/51fabf59d5ab801ceab709453d3ab6b180083496579549de4c45ced6528a/pillow-12.3.0-pp311-pypy311_pp73-macosx_11_0_arm64.whl", hash = "sha256:b343699e8308bdc51978310e1c959c584e7869cc8c40780058c87da7781a1e94" },
    { url = "https://mirrors.aliyun.com/pypi/packages/bf/20/22fe9384b7949e25fb1293bcfc84fb82590ff4ea6b37c95b24d26d793d86/pillow-12.3.0-pp311-pypy311_pp73-manylinux_2_27_aarch64.manylinux_2_28_aarch64.whl", hash = "sha256:fbd139c8447d25dd750ab79ee274cc5e1fe80fc56340ab10b18a195e1b6eca3e" },
    { url = "https://mirrors.aliyun.com/pypi/packages/08/14/f6ba68107680ffa74b39985f3f30884e41318fbc4250caa423c79b4788bb/pillow-12.3.0-pp311-pypy311_pp73-manylinux_2_27_x86_64.manylinux_2_28_x86_64.whl", hash = "sha256:e7e480451b9fa137494bccd3a7d69adbe8ac65a87d97be61e11f1b1050a5bac3" },
    { url = "https://mirrors.aliyun.com/pypi/packages/36/54/0169bc772ec491108b62f644f8ecf1fe5d8ae5ebafde2ee2142210166903/pillow-12.3.0-pp311-pypy311_pp73-win_amd64.whl", hash = "sha256:04f01d28a6aaff387bf842a13be313df23ba0597a44f1a976c9feb3c6ff4711a" },
]

[[package]]
name = "pycolmap"
version = "4.2.1"
source = { registry = "https://mirrors.aliyun.com/pypi/simple/" }
dependencies = [
    { name = "numpy" },
]
wheels = [
    { url = "https://mirrors.aliyun.com/pypi/packages/4e/87/0ea99959c82ad918e2f4bd4bc41b2f97d3d061a83b267a2e3b8477171e69/pycolmap-4.2.1-cp311-cp311-macosx_14_0_arm64.whl", hash = "sha256:73204e55c75ab637231d4ca559153d658ec7eda9dec39a1aacad96fbc0300cb9" },
    { url = "https://mirrors.aliyun.com/pypi/packages/eb/b3/a8427abf840e4455611d7be99a47ddf1aab68f96b874ee0706c7e6d128bc/pycolmap-4.2.1-cp311-cp311-manylinux_2_28_x86_64.whl", hash = "sha256:7627f0bab5746d04d94f91fec0dcb4b8ae0d5592853ab7b549cbd7dd021dd90f" },
    { url = "https://mirrors.aliyun.com/pypi/packages/ed/48/ca4793173198767e8e73757797346ac71e4a42d1ec5399cdf058cf5b4e22/pycolmap-4.2.1-cp311-cp311-win_amd64.whl", hash = "sha256:9db2c0fef05cf0f9ac981a30c62a01d6bd9c67dab0fbe60a0045ff968180752e" },
]

[[package]]
name = "verdi"
version = "0.1.0"
source = { editable = "../../" }
dependencies = [
    { name = "numpy" },
    { name = "packaging" },
    { name = "pillow" },
]

[package.metadata]
requires-dist = [
    { name = "huggingface-hub", marker = "extra == 'cli'", specifier = ">=0.24" },
    { name = "imageio-ffmpeg", marker = "extra == 'cli'", specifier = ">=0.5" },
    { name = "numpy" },
    { name = "packaging" },
    { name = "pillow" },
    { name = "pytest", marker = "extra == 'dev'", specifier = ">=8" },
    { name = "tomli", marker = "python_full_version < '3.11'" },
    { name = "typer", marker = "extra == 'cli'", specifier = ">=0.12" },
]
provides-extras = ["cli", "dev"]

[[package]]
name = "verdi-node-sfm"
version = "0.1.0"
source = { virtual = "." }
dependencies = [
    { name = "numpy" },
    { name = "opencv-python-headless" },
    { name = "pillow" },
    { name = "pycolmap" },
    { name = "verdi" },
]

[package.metadata]
requires-dist = [
    { name = "numpy", specifier = "<2.3" },
    { name = "opencv-python-headless", specifier = "==4.10.0.84" },
    { name = "pillow", specifier = ">=10" },
    { name = "pycolmap", specifier = "==4.2.1" },
    { name = "verdi", editable = "../../" },
]
